{
  "name": "ts-concurrent-particle-sim",
  "lockfileVersion": 3,
  "requires": true,
  "packages": {
    "": {
      "dependencies": {
        "dat-gui": "^0.5.0",
        "lil-gui": "^0.20.0",
        "three": "^0.182.0",
        "typescript": "^5.9.3"
      },
      "devDependencies": {
        "vite-plugin-cross-origin-isolation": "^0.1.6"
      }
    },
    "node_modules/dat-gui": {
      "version": "0.5.0",
      "resolved": "https://registry.npmjs.org/dat-gui/-/dat-gui-0.5.0.tgz",
      "integrity": "sha512-k5iJeovXcluGh+T0hyC4C6plENCr901M0iW7p4tZe31iNhWu6HjnOjcKo7lLftpWHI8qXj+E8nVBQzin9HqZDA==",
      "deprecated": "Use the official dat.gui: https://www.npmjs.com/package/dat.gui",
      "engines": {
        "node": ">= 0.8.0"
      }
    },
    "node_modules/lil-gui": {
      "version": "0.20.0",
      "resolved": "https://registry.npmjs.org/lil-gui/-/lil-gui-0.20.0.tgz",
      "integrity": "sha512-k7Ipr0ztqslMA2XvM5z5ZaWhxQtnEOwJBfI/hmSuRh6q4iMG9L0boqqrnZSzBR1jzyJ28OMl47l65ILzRe1TdA==",
      "license": "MIT"
    },
    "node_modules/three": {
      "version": "0.182.0",
      "resolved": "https://registry.npmjs.org/three/-/three-0.182.0.tgz",
      "integrity": "sha512-GbHabT+Irv+ihI1/f5kIIsZ+Ef9Sl5A1Y7imvS5RQjWgtTPfPnZ43JmlYI7NtCRDK9zir20lQpfg8/9Yd02OvQ==",
      "license": "MIT"
    },
    "node_modules/typescript": {
      "version": "5.9.3",
      "resolved": "https://registry.npmjs.org/typescript/-/typescript-5.9.3.tgz",
      "integrity": "sha512-jl1vZzPDinLr9eUt3J/t7V6FgNEw9QjvBPdysz9KfQDD41fQrC2Y4vKQdiaUpFT4bXlb1RHhLpp8wtm6M5TgSw==",
      "license": "Apache-2.0",
      "bin": {
        "tsc": "bin/tsc",
        "tsserver": "bin/tsserver"
      },
      "engines": {
        "node": ">=14.17"
      }
    },
    "node_modules/vite-plugin-cross-origin-isolation": {
      "version": "0.1.6",
      "resolved": "https://registry.npmjs.org/vite-plugin-cross-origin-isolation/-/vite-plugin-cross-origin-isolation-0.1.6.tgz",
      "integrity": "sha512-OY0naW9nPUDrKTffYnY7FRYXOgZdHoNwMGpPxUmj/n32mGZi01fcq+J536jkmwGWX7DLT95XBQVHHbrAJzTvrw==",
      "dev": true,
      "license": "MIT"
    }
  }
}
